
Microsoft Visual Studio Solution File, Format Version 12.00
# Visual Studio Version 17
VisualStudioVersion = 17.13.35828.75
MinimumVisualStudioVersion = 10.0.40219.1
Project("{FAE04EC0-301F-11D3-BF4B-00C04F79EFBC}") = "OpenMorph.NET", "OpenMorph.NET\OpenMorph.NET.csproj", "{85DA54E4-0307-4371-8EF4-CD365813B69B}"
EndProject
Project("{FAE04EC0-301F-11D3-BF4B-00C04F79EFBC}") = "STLdotNET", "STLdotNETbyQuantumConcepts\STLdotNET-master\src\STLdotNET.csproj", "{B50F0A4F-1028-2E27-3F86-A0D695C87858}"
EndProject
Global
	GlobalSection(SolutionConfigurationPlatforms) = preSolution
		Debug|Any CPU = Debug|Any CPU
		Release|Any CPU = Release|Any CPU
	EndGlobalSection
	GlobalSection(ProjectConfigurationPlatforms) = postSolution
		{85DA54E4-0307-4371-8EF4-CD365813B69B}.Debug|Any CPU.ActiveCfg = Debug|Any CPU
		{85DA54E4-0307-4371-8EF4-CD365813B69B}.Debug|Any CPU.Build.0 = Debug|Any CPU
		{85DA54E4-0307-4371-8EF4-CD365813B69B}.Release|Any CPU.ActiveCfg = Release|Any CPU
		{85DA54E4-0307-4371-8EF4-CD365813B69B}.Release|Any CPU.Build.0 = Release|Any CPU
		{B50F0A4F-1028-2E27-3F86-A0D695C87858}.Debug|Any CPU.ActiveCfg = Debug|Any CPU
		{B50F0A4F-1028-2E27-3F86-A0D695C87858}.Debug|Any CPU.Build.0 = Debug|Any CPU
		{B50F0A4F-1028-2E27-3F86-A0D695C87858}.Release|Any CPU.ActiveCfg = Release|Any CPU
		{B50F0A4F-1028-2E27-3F86-A0D695C87858}.Release|Any CPU.Build.0 = Release|Any CPU
	EndGlobalSection
	GlobalSection(SolutionProperties) = preSolution
		HideSolutionNode = FALSE
	EndGlobalSection
	GlobalSection(ExtensibilityGlobals) = postSolution
		SolutionGuid = {E1921A43-2942-46C0-A42F-19D3D33238A4}
	EndGlobalSection
EndGlobal
